
Microsoft Visual Studio Solution File, Format Version 12.00
# Visual Studio 11
Project("{FAE04EC0-301F-11D3-BF4B-00C04F79EFBC}") = "RabbitInfrastructure", "RabbitInfrastructure\RabbitInfrastructure.csproj", "{ABDB789A-C28E-4239-8199-DA51E4206A78}"
EndProject
Project("{FAE04EC0-301F-11D3-BF4B-00C04F79EFBC}") = "Orders.Messages", "Orders.Messages\Orders.Messages.csproj", "{1AB8E128-A0C5-4701-8D58-E2BAF5643CFF}"
EndProject
Project("{FAE04EC0-301F-11D3-BF4B-00C04F79EFBC}") = "Orders.Service", "Orders.Service\Orders.Service.csproj", "{20ABDFD7-F5C3-4470-9572-6058F073B6CA}"
EndProject
Project("{FAE04EC0-301F-11D3-BF4B-00C04F79EFBC}") = "PublishTest", "RabbitPublisher\PublishTest.csproj", "{0098A123-DD3E-4A7D-999D-F81F78E4101E}"
EndProject
Project("{FAE04EC0-301F-11D3-BF4B-00C04F79EFBC}") = "Billing.Messages", "Billing.Messages\Billing.Messages.csproj", "{6FC64687-0E9C-42B7-A143-A104960E18C0}"
EndProject
Project("{FAE04EC0-301F-11D3-BF4B-00C04F79EFBC}") = "Billing.Service", "Billing.Service\Billing.Service.csproj", "{863C065C-9215-4FFE-9A9C-17C0B207B414}"
EndProject
Project("{FAE04EC0-301F-11D3-BF4B-00C04F79EFBC}") = "Shipping.Service", "Shipping.Service\Shipping.Service.csproj", "{3E595011-F9F4-4330-A762-6A003E8C02D0}"
EndProject
Project("{FAE04EC0-301F-11D3-BF4B-00C04F79EFBC}") = "Shipping.Messages", "Shipping.Messages\Shipping.Messages.csproj", "{AAF9F790-A48F-4C73-A045-D840AB1D27B0}"
EndProject
Project("{FAE04EC0-301F-11D3-BF4B-00C04F79EFBC}") = "Web", "Web\Web.csproj", "{266E176A-A49F-4B7E-BA53-2D8702448316}"
EndProject
Project("{2150E333-8FDC-42A3-9474-1A3956D46DE8}") = "Infrastructure", "Infrastructure", "{063F3A94-AE4B-4765-9AA6-562B99C4E189}"
EndProject
Project("{2150E333-8FDC-42A3-9474-1A3956D46DE8}") = "Billing", "Billing", "{C2DF3AA9-109E-473A-A237-D8B841798D6A}"
EndProject
Project("{2150E333-8FDC-42A3-9474-1A3956D46DE8}") = "Orders", "Orders", "{4053158C-11EF-43BF-B20A-4E0EAFE6DBA6}"
EndProject
Project("{2150E333-8FDC-42A3-9474-1A3956D46DE8}") = "Shipping", "Shipping", "{094AAAB4-A5D2-42FE-8079-6FC29C333ED8}"
EndProject
Project("{2150E333-8FDC-42A3-9474-1A3956D46DE8}") = "RPC", "RPC", "{C91F4AA4-6F23-4367-93F1-6721EDEE9B77}"
EndProject
Project("{FAE04EC0-301F-11D3-BF4B-00C04F79EFBC}") = "Client", "Client\Client.csproj", "{C8C6C076-542B-4289-809A-F2CCD51FFC6B}"
EndProject
Project("{FAE04EC0-301F-11D3-BF4B-00C04F79EFBC}") = "Server", "Server\Server.csproj", "{A428BD7A-A810-4773-8412-EB91A0B0E667}"
EndProject
Project("{FAE04EC0-301F-11D3-BF4B-00C04F79EFBC}") = "Server.Messages", "Server.Messages\Server.Messages.csproj", "{5016F3F1-CCA5-4F54-B751-E4710FA3CFE3}"
EndProject
Project("{FAE04EC0-301F-11D3-BF4B-00C04F79EFBC}") = "AsyncWeb", "AsyncWeb\AsyncWeb.csproj", "{1375F3F0-5E71-4A31-B6BB-C0430F1D432C}"
EndProject
Global
	GlobalSection(SolutionConfigurationPlatforms) = preSolution
		Debug|ARM = Debug|ARM
		Debug|Any CPU = Debug|Any CPU
		Debug|x64 = Debug|x64
		Debug|x86 = Debug|x86
		Release|ARM = Release|ARM
		Release|Any CPU = Release|Any CPU
		Release|x64 = Release|x64
		Release|x86 = Release|x86
	EndGlobalSection
	GlobalSection(ProjectConfigurationPlatforms) = postSolution
		{0098A123-DD3E-4A7D-999D-F81F78E4101E}.Debug|ARM.ActiveCfg = Debug|Any CPU
		{0098A123-DD3E-4A7D-999D-F81F78E4101E}.Debug|Any CPU.ActiveCfg = Debug|Any CPU
		{0098A123-DD3E-4A7D-999D-F81F78E4101E}.Debug|Any CPU.Build.0 = Debug|Any CPU
		{0098A123-DD3E-4A7D-999D-F81F78E4101E}.Debug|x64.ActiveCfg = Debug|Any CPU
		{0098A123-DD3E-4A7D-999D-F81F78E4101E}.Debug|x86.ActiveCfg = Debug|Any CPU
		{0098A123-DD3E-4A7D-999D-F81F78E4101E}.Release|ARM.ActiveCfg = Release|Any CPU
		{0098A123-DD3E-4A7D-999D-F81F78E4101E}.Release|Any CPU.ActiveCfg = Release|Any CPU
		{0098A123-DD3E-4A7D-999D-F81F78E4101E}.Release|Any CPU.Build.0 = Release|Any CPU
		{0098A123-DD3E-4A7D-999D-F81F78E4101E}.Release|x64.ActiveCfg = Release|Any CPU
		{0098A123-DD3E-4A7D-999D-F81F78E4101E}.Release|x86.ActiveCfg = Release|Any CPU
		{1375F3F0-5E71-4A31-B6BB-C0430F1D432C}.Debug|ARM.ActiveCfg = Debug|Any CPU
		{1375F3F0-5E71-4A31-B6BB-C0430F1D432C}.Debug|Any CPU.ActiveCfg = Debug|Any CPU
		{1375F3F0-5E71-4A31-B6BB-C0430F1D432C}.Debug|Any CPU.Build.0 = Debug|Any CPU
		{1375F3F0-5E71-4A31-B6BB-C0430F1D432C}.Debug|x64.ActiveCfg = Debug|Any CPU
		{1375F3F0-5E71-4A31-B6BB-C0430F1D432C}.Debug|x86.ActiveCfg = Debug|Any CPU
		{1375F3F0-5E71-4A31-B6BB-C0430F1D432C}.Release|ARM.ActiveCfg = Release|Any CPU
		{1375F3F0-5E71-4A31-B6BB-C0430F1D432C}.Release|Any CPU.ActiveCfg = Release|Any CPU
		{1375F3F0-5E71-4A31-B6BB-C0430F1D432C}.Release|Any CPU.Build.0 = Release|Any CPU
		{1375F3F0-5E71-4A31-B6BB-C0430F1D432C}.Release|x64.ActiveCfg = Release|Any CPU
		{1375F3F0-5E71-4A31-B6BB-C0430F1D432C}.Release|x86.ActiveCfg = Release|Any CPU
		{1AB8E128-A0C5-4701-8D58-E2BAF5643CFF}.Debug|ARM.ActiveCfg = Debug|Any CPU
		{1AB8E128-A0C5-4701-8D58-E2BAF5643CFF}.Debug|Any CPU.ActiveCfg = Debug|Any CPU
		{1AB8E128-A0C5-4701-8D58-E2BAF5643CFF}.Debug|Any CPU.Build.0 = Debug|Any CPU
		{1AB8E128-A0C5-4701-8D58-E2BAF5643CFF}.Debug|x64.ActiveCfg = Debug|Any CPU
		{1AB8E128-A0C5-4701-8D58-E2BAF5643CFF}.Debug|x86.ActiveCfg = Debug|Any CPU
		{1AB8E128-A0C5-4701-8D58-E2BAF5643CFF}.Release|ARM.ActiveCfg = Release|Any CPU
		{1AB8E128-A0C5-4701-8D58-E2BAF5643CFF}.Release|Any CPU.ActiveCfg = Release|Any CPU
		{1AB8E128-A0C5-4701-8D58-E2BAF5643CFF}.Release|Any CPU.Build.0 = Release|Any CPU
		{1AB8E128-A0C5-4701-8D58-E2BAF5643CFF}.Release|x64.ActiveCfg = Release|Any CPU
		{1AB8E128-A0C5-4701-8D58-E2BAF5643CFF}.Release|x86.ActiveCfg = Release|Any CPU
		{20ABDFD7-F5C3-4470-9572-6058F073B6CA}.Debug|ARM.ActiveCfg = Debug|Any CPU
		{20ABDFD7-F5C3-4470-9572-6058F073B6CA}.Debug|Any CPU.ActiveCfg = Debug|Any CPU
		{20ABDFD7-F5C3-4470-9572-6058F073B6CA}.Debug|Any CPU.Build.0 = Debug|Any CPU
		{20ABDFD7-F5C3-4470-9572-6058F073B6CA}.Debug|x64.ActiveCfg = Debug|Any CPU
		{20ABDFD7-F5C3-4470-9572-6058F073B6CA}.Debug|x86.ActiveCfg = Debug|Any CPU
		{20ABDFD7-F5C3-4470-9572-6058F073B6CA}.Release|ARM.ActiveCfg = Release|Any CPU
		{20ABDFD7-F5C3-4470-9572-6058F073B6CA}.Release|Any CPU.ActiveCfg = Release|Any CPU
		{20ABDFD7-F5C3-4470-9572-6058F073B6CA}.Release|Any CPU.Build.0 = Release|Any CPU
		{20ABDFD7-F5C3-4470-9572-6058F073B6CA}.Release|x64.ActiveCfg = Release|Any CPU
		{20ABDFD7-F5C3-4470-9572-6058F073B6CA}.Release|x86.ActiveCfg = Release|Any CPU
		{266E176A-A49F-4B7E-BA53-2D8702448316}.Debug|ARM.ActiveCfg = Debug|Any CPU
		{266E176A-A49F-4B7E-BA53-2D8702448316}.Debug|Any CPU.ActiveCfg = Debug|Any CPU
		{266E176A-A49F-4B7E-BA53-2D8702448316}.Debug|Any CPU.Build.0 = Debug|Any CPU
		{266E176A-A49F-4B7E-BA53-2D8702448316}.Debug|x64.ActiveCfg = Debug|Any CPU
		{266E176A-A49F-4B7E-BA53-2D8702448316}.Debug|x86.ActiveCfg = Debug|Any CPU
		{266E176A-A49F-4B7E-BA53-2D8702448316}.Release|ARM.ActiveCfg = Release|Any CPU
		{266E176A-A49F-4B7E-BA53-2D8702448316}.Release|Any CPU.ActiveCfg = Release|Any CPU
		{266E176A-A49F-4B7E-BA53-2D8702448316}.Release|Any CPU.Build.0 = Release|Any CPU
		{266E176A-A49F-4B7E-BA53-2D8702448316}.Release|x64.ActiveCfg = Release|Any CPU
		{266E176A-A49F-4B7E-BA53-2D8702448316}.Release|x86.ActiveCfg = Release|Any CPU
		{3E595011-F9F4-4330-A762-6A003E8C02D0}.Debug|ARM.ActiveCfg = Debug|Any CPU
		{3E595011-F9F4-4330-A762-6A003E8C02D0}.Debug|Any CPU.ActiveCfg = Debug|Any CPU
		{3E595011-F9F4-4330-A762-6A003E8C02D0}.Debug|Any CPU.Build.0 = Debug|Any CPU
		{3E595011-F9F4-4330-A762-6A003E8C02D0}.Debug|x64.ActiveCfg = Debug|Any CPU
		{3E595011-F9F4-4330-A762-6A003E8C02D0}.Debug|x86.ActiveCfg = Debug|Any CPU
		{3E595011-F9F4-4330-A762-6A003E8C02D0}.Release|ARM.ActiveCfg = Release|Any CPU
		{3E595011-F9F4-4330-A762-6A003E8C02D0}.Release|Any CPU.ActiveCfg = Release|Any CPU
		{3E595011-F9F4-4330-A762-6A003E8C02D0}.Release|Any CPU.Build.0 = Release|Any CPU
		{3E595011-F9F4-4330-A762-6A003E8C02D0}.Release|x64.ActiveCfg = Release|Any CPU
		{3E595011-F9F4-4330-A762-6A003E8C02D0}.Release|x86.ActiveCfg = Release|Any CPU
		{5016F3F1-CCA5-4F54-B751-E4710FA3CFE3}.Debug|ARM.ActiveCfg = Debug|Any CPU
		{5016F3F1-CCA5-4F54-B751-E4710FA3CFE3}.Debug|Any CPU.ActiveCfg = Debug|Any CPU
		{5016F3F1-CCA5-4F54-B751-E4710FA3CFE3}.Debug|Any CPU.Build.0 = Debug|Any CPU
		{5016F3F1-CCA5-4F54-B751-E4710FA3CFE3}.Debug|x64.ActiveCfg = Debug|Any CPU
		{5016F3F1-CCA5-4F54-B751-E4710FA3CFE3}.Debug|x86.ActiveCfg = Debug|Any CPU
		{5016F3F1-CCA5-4F54-B751-E4710FA3CFE3}.Release|ARM.ActiveCfg = Release|Any CPU
		{5016F3F1-CCA5-4F54-B751-E4710FA3CFE3}.Release|Any CPU.ActiveCfg = Release|Any CPU
		{5016F3F1-CCA5-4F54-B751-E4710FA3CFE3}.Release|Any CPU.Build.0 = Release|Any CPU
		{5016F3F1-CCA5-4F54-B751-E4710FA3CFE3}.Release|x64.ActiveCfg = Release|Any CPU
		{5016F3F1-CCA5-4F54-B751-E4710FA3CFE3}.Release|x86.ActiveCfg = Release|Any CPU
		{6FC64687-0E9C-42B7-A143-A104960E18C0}.Debug|ARM.ActiveCfg = Debug|Any CPU
		{6FC64687-0E9C-42B7-A143-A104960E18C0}.Debug|Any CPU.ActiveCfg = Debug|Any CPU
		{6FC64687-0E9C-42B7-A143-A104960E18C0}.Debug|Any CPU.Build.0 = Debug|Any CPU
		{6FC64687-0E9C-42B7-A143-A104960E18C0}.Debug|x64.ActiveCfg = Debug|Any CPU
		{6FC64687-0E9C-42B7-A143-A104960E18C0}.Debug|x86.ActiveCfg = Debug|Any CPU
		{6FC64687-0E9C-42B7-A143-A104960E18C0}.Release|ARM.ActiveCfg = Release|Any CPU
		{6FC64687-0E9C-42B7-A143-A104960E18C0}.Release|Any CPU.ActiveCfg = Release|Any CPU
		{6FC64687-0E9C-42B7-A143-A104960E18C0}.Release|Any CPU.Build.0 = Release|Any CPU
		{6FC64687-0E9C-42B7-A143-A104960E18C0}.Release|x64.ActiveCfg = Release|Any CPU
		{6FC64687-0E9C-42B7-A143-A104960E18C0}.Release|x86.ActiveCfg = Release|Any CPU
		{863C065C-9215-4FFE-9A9C-17C0B207B414}.Debug|ARM.ActiveCfg = Debug|Any CPU
		{863C065C-9215-4FFE-9A9C-17C0B207B414}.Debug|Any CPU.ActiveCfg = Debug|Any CPU
		{863C065C-9215-4FFE-9A9C-17C0B207B414}.Debug|Any CPU.Build.0 = Debug|Any CPU
		{863C065C-9215-4FFE-9A9C-17C0B207B414}.Debug|x64.ActiveCfg = Debug|Any CPU
		{863C065C-9215-4FFE-9A9C-17C0B207B414}.Debug|x86.ActiveCfg = Debug|Any CPU
		{863C065C-9215-4FFE-9A9C-17C0B207B414}.Release|ARM.ActiveCfg = Release|Any CPU
		{863C065C-9215-4FFE-9A9C-17C0B207B414}.Release|Any CPU.ActiveCfg = Release|Any CPU
		{863C065C-9215-4FFE-9A9C-17C0B207B414}.Release|Any CPU.Build.0 = Release|Any CPU
		{863C065C-9215-4FFE-9A9C-17C0B207B414}.Release|x64.ActiveCfg = Release|Any CPU
		{863C065C-9215-4FFE-9A9C-17C0B207B414}.Release|x86.ActiveCfg = Release|Any CPU
		{A428BD7A-A810-4773-8412-EB91A0B0E667}.Debug|ARM.ActiveCfg = Debug|Any CPU
		{A428BD7A-A810-4773-8412-EB91A0B0E667}.Debug|Any CPU.ActiveCfg = Debug|Any CPU
		{A428BD7A-A810-4773-8412-EB91A0B0E667}.Debug|Any CPU.Build.0 = Debug|Any CPU
		{A428BD7A-A810-4773-8412-EB91A0B0E667}.Debug|x64.ActiveCfg = Debug|Any CPU
		{A428BD7A-A810-4773-8412-EB91A0B0E667}.Debug|x86.ActiveCfg = Debug|Any CPU
		{A428BD7A-A810-4773-8412-EB91A0B0E667}.Release|ARM.ActiveCfg = Release|Any CPU
		{A428BD7A-A810-4773-8412-EB91A0B0E667}.Release|Any CPU.ActiveCfg = Release|Any CPU
		{A428BD7A-A810-4773-8412-EB91A0B0E667}.Release|Any CPU.Build.0 = Release|Any CPU
		{A428BD7A-A810-4773-8412-EB91A0B0E667}.Release|x64.ActiveCfg = Release|Any CPU
		{A428BD7A-A810-4773-8412-EB91A0B0E667}.Release|x86.ActiveCfg = Release|Any CPU
		{AAF9F790-A48F-4C73-A045-D840AB1D27B0}.Debug|ARM.ActiveCfg = Debug|Any CPU
		{AAF9F790-A48F-4C73-A045-D840AB1D27B0}.Debug|Any CPU.ActiveCfg = Debug|Any CPU
		{AAF9F790-A48F-4C73-A045-D840AB1D27B0}.Debug|Any CPU.Build.0 = Debug|Any CPU
		{AAF9F790-A48F-4C73-A045-D840AB1D27B0}.Debug|x64.ActiveCfg = Debug|Any CPU
		{AAF9F790-A48F-4C73-A045-D840AB1D27B0}.Debug|x86.ActiveCfg = Debug|Any CPU
		{AAF9F790-A48F-4C73-A045-D840AB1D27B0}.Release|ARM.ActiveCfg = Release|Any CPU
		{AAF9F790-A48F-4C73-A045-D840AB1D27B0}.Release|Any CPU.ActiveCfg = Release|Any CPU
		{AAF9F790-A48F-4C73-A045-D840AB1D27B0}.Release|Any CPU.Build.0 = Release|Any CPU
		{AAF9F790-A48F-4C73-A045-D840AB1D27B0}.Release|x64.ActiveCfg = Release|Any CPU
		{AAF9F790-A48F-4C73-A045-D840AB1D27B0}.Release|x86.ActiveCfg = Release|Any CPU
		{ABDB789A-C28E-4239-8199-DA51E4206A78}.Debug|ARM.ActiveCfg = Debug|Any CPU
		{ABDB789A-C28E-4239-8199-DA51E4206A78}.Debug|Any CPU.ActiveCfg = Debug|Any CPU
		{ABDB789A-C28E-4239-8199-DA51E4206A78}.Debug|Any CPU.Build.0 = Debug|Any CPU
		{ABDB789A-C28E-4239-8199-DA51E4206A78}.Debug|x64.ActiveCfg = Debug|Any CPU
		{ABDB789A-C28E-4239-8199-DA51E4206A78}.Debug|x86.ActiveCfg = Debug|Any CPU
		{ABDB789A-C28E-4239-8199-DA51E4206A78}.Release|ARM.ActiveCfg = Release|Any CPU
		{ABDB789A-C28E-4239-8199-DA51E4206A78}.Release|Any CPU.ActiveCfg = Release|Any CPU
		{ABDB789A-C28E-4239-8199-DA51E4206A78}.Release|Any CPU.Build.0 = Release|Any CPU
		{ABDB789A-C28E-4239-8199-DA51E4206A78}.Release|x64.ActiveCfg = Release|Any CPU
		{ABDB789A-C28E-4239-8199-DA51E4206A78}.Release|x86.ActiveCfg = Release|Any CPU
		{C8C6C076-542B-4289-809A-F2CCD51FFC6B}.Debug|ARM.ActiveCfg = Debug|Any CPU
		{C8C6C076-542B-4289-809A-F2CCD51FFC6B}.Debug|Any CPU.ActiveCfg = Debug|Any CPU
		{C8C6C076-542B-4289-809A-F2CCD51FFC6B}.Debug|Any CPU.Build.0 = Debug|Any CPU
		{C8C6C076-542B-4289-809A-F2CCD51FFC6B}.Debug|x64.ActiveCfg = Debug|Any CPU
		{C8C6C076-542B-4289-809A-F2CCD51FFC6B}.Debug|x86.ActiveCfg = Debug|Any CPU
		{C8C6C076-542B-4289-809A-F2CCD51FFC6B}.Release|ARM.ActiveCfg = Release|Any CPU
		{C8C6C076-542B-4289-809A-F2CCD51FFC6B}.Release|Any CPU.ActiveCfg = Release|Any CPU
		{C8C6C076-542B-4289-809A-F2CCD51FFC6B}.Release|Any CPU.Build.0 = Release|Any CPU
		{C8C6C076-542B-4289-809A-F2CCD51FFC6B}.Release|x64.ActiveCfg = Release|Any CPU
		{C8C6C076-542B-4289-809A-F2CCD51FFC6B}.Release|x86.ActiveCfg = Release|Any CPU
	EndGlobalSection
	GlobalSection(SolutionProperties) = preSolution
		HideSolutionNode = FALSE
	EndGlobalSection
	GlobalSection(NestedProjects) = preSolution
		{1375F3F0-5E71-4A31-B6BB-C0430F1D432C} = {C91F4AA4-6F23-4367-93F1-6721EDEE9B77}
		{1AB8E128-A0C5-4701-8D58-E2BAF5643CFF} = {4053158C-11EF-43BF-B20A-4E0EAFE6DBA6}
		{20ABDFD7-F5C3-4470-9572-6058F073B6CA} = {4053158C-11EF-43BF-B20A-4E0EAFE6DBA6}
		{3E595011-F9F4-4330-A762-6A003E8C02D0} = {094AAAB4-A5D2-42FE-8079-6FC29C333ED8}
		{5016F3F1-CCA5-4F54-B751-E4710FA3CFE3} = {C91F4AA4-6F23-4367-93F1-6721EDEE9B77}
		{6FC64687-0E9C-42B7-A143-A104960E18C0} = {C2DF3AA9-109E-473A-A237-D8B841798D6A}
		{863C065C-9215-4FFE-9A9C-17C0B207B414} = {C2DF3AA9-109E-473A-A237-D8B841798D6A}
		{A428BD7A-A810-4773-8412-EB91A0B0E667} = {C91F4AA4-6F23-4367-93F1-6721EDEE9B77}
		{AAF9F790-A48F-4C73-A045-D840AB1D27B0} = {094AAAB4-A5D2-42FE-8079-6FC29C333ED8}
		{ABDB789A-C28E-4239-8199-DA51E4206A78} = {063F3A94-AE4B-4765-9AA6-562B99C4E189}
		{C8C6C076-542B-4289-809A-F2CCD51FFC6B} = {C91F4AA4-6F23-4367-93F1-6721EDEE9B77}
	EndGlobalSection
EndGlobal
